# THIS IS AN AUTOGENERATED FILE. DO NOT EDIT THIS FILE DIRECTLY.
# yarn lockfile v1


three@^0.127.0:
  version "0.127.0"
  resolved "https://registry.npmjs.org/three/-/three-0.127.0.tgz#c463f4d41b2c735dcf8e9e51a388815e80cd3791"
  integrity sha512-wtgrn+mhYUbobxT7QN3GPdu3SRpSBQvwY6uOzLChWS7QE//f7paDU/+wlzbg+ngeIvBBqjBHSRuywTh8A99Jng==
